
Microsoft Visual Studio Solution File, Format Version 12.00
# Visual Studio Version 16
VisualStudioVersion = 16.0.30711.63
MinimumVisualStudioVersion = 10.0.40219.1
Project("{8BC9CEB8-8B4A-11D0-8D11-00A0C91BC942}") = "makefsdata", "apps\httpd\makefsdata\makefsdata\makefsdata.vcxproj", "{F6C698D5-F579-4DB5-8924-9465DE279BEB}"
EndProject
Global
	GlobalSection(SolutionConfigurationPlatforms) = preSolution
		Debug|x64 = Debug|x64
		Debug|x86 = Debug|x86
		Release|x64 = Release|x64
		Release|x86 = Release|x86
	EndGlobalSection
	GlobalSection(ProjectConfigurationPlatforms) = postSolution
		{F6C698D5-F579-4DB5-8924-9465DE279BEB}.Debug|x64.ActiveCfg = Debug|x64
		{F6C698D5-F579-4DB5-8924-9465DE279BEB}.Debug|x64.Build.0 = Debug|x64
		{F6C698D5-F579-4DB5-8924-9465DE279BEB}.Debug|x86.ActiveCfg = Debug|Win32
		{F6C698D5-F579-4DB5-8924-9465DE279BEB}.Debug|x86.Build.0 = Debug|Win32
		{F6C698D5-F579-4DB5-8924-9465DE279BEB}.Release|x64.ActiveCfg = Release|x64
		{F6C698D5-F579-4DB5-8924-9465DE279BEB}.Release|x64.Build.0 = Release|x64
		{F6C698D5-F579-4DB5-8924-9465DE279BEB}.Release|x86.ActiveCfg = Release|Win32
		{F6C698D5-F579-4DB5-8924-9465DE279BEB}.Release|x86.Build.0 = Release|Win32
	EndGlobalSection
	GlobalSection(SolutionProperties) = preSolution
		HideSolutionNode = FALSE
	EndGlobalSection
	GlobalSection(ExtensibilityGlobals) = postSolution
		SolutionGuid = {E5A516D7-492E-4CFA-9D48-0A4167328048}
	EndGlobalSection
EndGlobal
